
Microsoft Visual Studio Solution File, Format Version 12.00
# Visual Studio Version 17
VisualStudioVersion = 17.8.34330.188
MinimumVisualStudioVersion = 10.0.40219.1
Project("{9A19103F-16F7-4668-BE54-9A1E7A4F7556}") = "Restul Web Assessment", "Restul Web Assessment.csproj", "{48B37FE9-0967-45CF-9680-58DA6848F018}"
EndProject
Project("{FAE04EC0-301F-11D3-BF4B-00C04F79EFBC}") = "Tests", "..\Tests\Tests.csproj", "{56E2F5BF-95E1-4060-A6ED-867E36C8E816}"
EndProject
Global
	GlobalSection(SolutionConfigurationPlatforms) = preSolution
		Debug|Any CPU = Debug|Any CPU
		Release|Any CPU = Release|Any CPU
	EndGlobalSection
	GlobalSection(ProjectConfigurationPlatforms) = postSolution
		{48B37FE9-0967-45CF-9680-58DA6848F018}.Debug|Any CPU.ActiveCfg = Debug|Any CPU
		{48B37FE9-0967-45CF-9680-58DA6848F018}.Debug|Any CPU.Build.0 = Debug|Any CPU
		{48B37FE9-0967-45CF-9680-58DA6848F018}.Release|Any CPU.ActiveCfg = Release|Any CPU
		{48B37FE9-0967-45CF-9680-58DA6848F018}.Release|Any CPU.Build.0 = Release|Any CPU
		{56E2F5BF-95E1-4060-A6ED-867E36C8E816}.Debug|Any CPU.ActiveCfg = Debug|Any CPU
		{56E2F5BF-95E1-4060-A6ED-867E36C8E816}.Debug|Any CPU.Build.0 = Debug|Any CPU
		{56E2F5BF-95E1-4060-A6ED-867E36C8E816}.Release|Any CPU.ActiveCfg = Release|Any CPU
		{56E2F5BF-95E1-4060-A6ED-867E36C8E816}.Release|Any CPU.Build.0 = Release|Any CPU
	EndGlobalSection
	GlobalSection(SolutionProperties) = preSolution
		HideSolutionNode = FALSE
	EndGlobalSection
	GlobalSection(ExtensibilityGlobals) = postSolution
		SolutionGuid = {CD89D728-B25D-4447-99F0-F83276F6BFF0}
	EndGlobalSection
EndGlobal
